
Microsoft Visual Studio Solution File, Format Version 12.00
# Visual Studio Version 16
VisualStudioVersion = 16.0.31424.327
MinimumVisualStudioVersion = 10.0.40219.1
Project("{8BC9CEB8-8B4A-11D0-8D11-00A0C91BC942}") = "Test_GitHub", "Test_GitHub\Test_GitHub.vcxproj", "{C6A67794-2ABA-4664-AEDC-BE56D48EE788}"
EndProject
Global
	GlobalSection(SolutionConfigurationPlatforms) = preSolution
		Debug|x64 = Debug|x64
		Debug|x86 = Debug|x86
		Release|x64 = Release|x64
		Release|x86 = Release|x86
	EndGlobalSection
	GlobalSection(ProjectConfigurationPlatforms) = postSolution
		{C6A67794-2ABA-4664-AEDC-BE56D48EE788}.Debug|x64.ActiveCfg = Debug|x64
		{C6A67794-2ABA-4664-AEDC-BE56D48EE788}.Debug|x64.Build.0 = Debug|x64
		{C6A67794-2ABA-4664-AEDC-BE56D48EE788}.Debug|x86.ActiveCfg = Debug|Win32
		{C6A67794-2ABA-4664-AEDC-BE56D48EE788}.Debug|x86.Build.0 = Debug|Win32
		{C6A67794-2ABA-4664-AEDC-BE56D48EE788}.Release|x64.ActiveCfg = Release|x64
		{C6A67794-2ABA-4664-AEDC-BE56D48EE788}.Release|x64.Build.0 = Release|x64
		{C6A67794-2ABA-4664-AEDC-BE56D48EE788}.Release|x86.ActiveCfg = Release|Win32
		{C6A67794-2ABA-4664-AEDC-BE56D48EE788}.Release|x86.Build.0 = Release|Win32
	EndGlobalSection
	GlobalSection(SolutionProperties) = preSolution
		HideSolutionNode = FALSE
	EndGlobalSection
	GlobalSection(ExtensibilityGlobals) = postSolution
		SolutionGuid = {CFEA0257-FEA7-4520-A201-C29C5761E3FC}
	EndGlobalSection
EndGlobal
